// !$*UTF8*$!
{
	archiveVersion = 1;
	classes = {
	};
	objectVersion = 55;
	objects = {

/* Begin PBXBuildFile section */
		F516491627DB5F0B0097DB63 /* AppDelegate.swift in Sources */ = {isa = PBXBuildFile; fileRef = F516491527DB5F0B0097DB63 /* AppDelegate.swift */; };
		F516491827DB5F0B0097DB63 /* SceneDelegate.swift in Sources */ = {isa = PBXBuildFile; fileRef = F516491727DB5F0B0097DB63 /* SceneDelegate.swift */; };
		F516491A27DB5F0B0097DB63 /* StartViewController.swift in Sources */ = {isa = PBXBuildFile; fileRef = F516491927DB5F0B0097DB63 /* StartViewController.swift */; };
		F516491D27DB5F0B0097DB63 /* Main.storyboard in Resources */ = {isa = PBXBuildFile; fileRef = F516491B27DB5F0B0097DB63 /* Main.storyboard */; };
		F516491F27DB5F100097DB63 /* Assets.xcassets in Resources */ = {isa = PBXBuildFile; fileRef = F516491E27DB5F100097DB63 /* Assets.xcassets */; };
		F516492227DB5F100097DB63 /* LaunchScreen.storyboard in Resources */ = {isa = PBXBuildFile; fileRef = F516492027DB5F100097DB63 /* LaunchScreen.storyboard */; };
		F516492E27DB67B50097DB63 /* MainButton.swift in Sources */ = {isa = PBXBuildFile; fileRef = F516492D27DB67B50097DB63 /* MainButton.swift */; };
		F575534E27DB7F100003C7DF /* GameViewController.swift in Sources */ = {isa = PBXBuildFile; fileRef = F575534D27DB7F100003C7DF /* GameViewController.swift */; };
		F575535227DC79DA0003C7DF /* Player.swift in Sources */ = {isa = PBXBuildFile; fileRef = F575535127DC79DA0003C7DF /* Player.swift */; };
/* End PBXBuildFile section */

/* Begin PBXFileReference section */
		F516491227DB5F0B0097DB63 /* AwesomeGame.app */ = {isa = PBXFileReference; explicitFileType = wrapper.application; includeInIndex = 0; path = AwesomeGame.app; sourceTree = BUILT_PRODUCTS_DIR; };
		F516491527DB5F0B0097DB63 /* AppDelegate.swift */ = {isa = PBXFileReference; lastKnownFileType = sourcecode.swift; path = AppDelegate.swift; sourceTree = "<group>"; };
		F516491727DB5F0B0097DB63 /* SceneDelegate.swift */ = {isa = PBXFileReference; lastKnownFileType = sourcecode.swift; path = SceneDelegate.swift; sourceTree = "<group>"; };
		F516491927DB5F0B0097DB63 /* StartViewController.swift */ = {isa = PBXFileReference; lastKnownFileType = sourcecode.swift; path = StartViewController.swift; sourceTree = "<group>"; };
		F516491C27DB5F0B0097DB63 /* Base */ = {isa = PBXFileReference; lastKnownFileType = file.storyboard; name = Base; path = Base.lproj/Main.storyboard; sourceTree = "<group>"; };
		F516491E27DB5F100097DB63 /* Assets.xcassets */ = {isa = PBXFileReference; lastKnownFileType = folder.assetcatalog; path = Assets.xcassets; sourceTree = "<group>"; };
		F516492127DB5F100097DB63 /* Base */ = {isa = PBXFileReference; lastKnownFileType = file.storyboard; name = Base; path = Base.lproj/LaunchScreen.storyboard; sourceTree = "<group>"; };
		F516492327DB5F100097DB63 /* Info.plist */ = {isa = PBXFileReference; lastKnownFileType = text.plist.xml; path = Info.plist; sourceTree = "<group>"; };
		F516492D27DB67B50097DB63 /* MainButton.swift */ = {isa = PBXFileReference; lastKnownFileType = sourcecode.swift; path = MainButton.swift; sourceTree = "<group>"; };
		F575534D27DB7F100003C7DF /* GameViewController.swift */ = {isa = PBXFileReference; lastKnownFileType = sourcecode.swift; path = GameViewController.swift; sourceTree = "<group>"; };
		F575535127DC79DA0003C7DF /* Player.swift */ = {isa = PBXFileReference; lastKnownFileType = sourcecode.swift; path = Player.swift; sourceTree = "<group>"; };
/* End PBXFileReference section */

/* Begin PBXFrameworksBuildPhase section */
		F516490F27DB5F0A0097DB63 /* Frameworks */ = {
			isa = PBXFrameworksBuildPhase;
			buildActionMask = 2147483647;
			files = (
			);
			runOnlyForDeploymentPostprocessing = 0;
		};
/* End PBXFrameworksBuildPhase section */

/* Begin PBXGroup section */
		F516490927DB5F0A0097DB63 = {
			isa = PBXGroup;
			children = (
				F516491427DB5F0B0097DB63 /* AwesomeGame */,
				F516491327DB5F0B0097DB63 /* Products */,
			);
			sourceTree = "<group>";
		};
		F516491327DB5F0B0097DB63 /* Products */ = {
			isa = PBXGroup;
			children = (
				F516491227DB5F0B0097DB63 /* AwesomeGame.app */,
			);
			name = Products;
			sourceTree = "<group>";
		};
		F516491427DB5F0B0097DB63 /* AwesomeGame */ = {
			isa = PBXGroup;
			children = (
				F516492F27DB67F10097DB63 /* Views */,
				F516492B27DB623B0097DB63 /* ViewControllers */,
				F575535327DC79E00003C7DF /* Models */,
				F516492A27DB620B0097DB63 /* Storyboards */,
				F516492C27DB62650097DB63 /* Resources */,
				F516492927DB61EA0097DB63 /* App */,
			);
			path = AwesomeGame;
			sourceTree = "<group>";
		};
		F516492927DB61EA0097DB63 /* App */ = {
			isa = PBXGroup;
			children = (
				F516491527DB5F0B0097DB63 /* AppDelegate.swift */,
				F516491727DB5F0B0097DB63 /* SceneDelegate.swift */,
				F516492327DB5F100097DB63 /* Info.plist */,
			);
			path = App;
			sourceTree = "<group>";
		};
		F516492A27DB620B0097DB63 /* Storyboards */ = {
			isa = PBXGroup;
			children = (
				F516491B27DB5F0B0097DB63 /* Main.storyboard */,
				F516492027DB5F100097DB63 /* LaunchScreen.storyboard */,
			);
			path = Storyboards;
			sourceTree = "<group>";
		};
		F516492B27DB623B0097DB63 /* ViewControllers */ = {
			isa = PBXGroup;
			children = (
				F575534D27DB7F100003C7DF /* GameViewController.swift */,
				F516491927DB5F0B0097DB63 /* StartViewController.swift */,
			);
			path = ViewControllers;
			sourceTree = "<group>";
		};
		F516492C27DB62650097DB63 /* Resources */ = {
			isa = PBXGroup;
			children = (
				F516491E27DB5F100097DB63 /* Assets.xcassets */,
			);
			path = Resources;
			sourceTree = "<group>";
		};
		F516492F27DB67F10097DB63 /* Views */ = {
			isa = PBXGroup;
			children = (
				F516492D27DB67B50097DB63 /* MainButton.swift */,
			);
			path = Views;
			sourceTree = "<group>";
		};
		F575535327DC79E00003C7DF /* Models */ = {
			isa = PBXGroup;
			children = (
				F575535127DC79DA0003C7DF /* Player.swift */,
			);
			path = Models;
			sourceTree = "<group>";
		};
/* End PBXGroup section */

/* Begin PBXNativeTarget section */
		F516491127DB5F0A0097DB63 /* AwesomeGame */ = {
			isa = PBXNativeTarget;
			buildConfigurationList = F516492627DB5F100097DB63 /* Build configuration list for PBXNativeTarget "AwesomeGame" */;
			buildPhases = (
				F516490E27DB5F0A0097DB63 /* Sources */,
				F516490F27DB5F0A0097DB63 /* Frameworks */,
				F516491027DB5F0A0097DB63 /* Resources */,
			);
			buildRules = (
			);
			dependencies = (
			);
			name = AwesomeGame;
			productName = AwesomeGame;
			productReference = F516491227DB5F0B0097DB63 /* AwesomeGame.app */;
			productType = "com.apple.product-type.application";
		};
/* End PBXNativeTarget section */

/* Begin PBXProject section */
		F516490A27DB5F0A0097DB63 /* Project object */ = {
			isa = PBXProject;
			attributes = {
				BuildIndependentTargetsInParallel = 1;
				LastSwiftUpdateCheck = 1310;
				LastUpgradeCheck = 1310;
				TargetAttributes = {
					F516491127DB5F0A0097DB63 = {
						CreatedOnToolsVersion = 13.1;
					};
				};
			};
			buildConfigurationList = F516490D27DB5F0A0097DB63 /* Build configuration list for PBXProject "AwesomeGame" */;
			compatibilityVersion = "Xcode 13.0";
			developmentRegion = en;
			hasScannedForEncodings = 0;
			knownRegions = (
				en,
				Base,
			);
			mainGroup = F516490927DB5F0A0097DB63;
			productRefGroup = F516491327DB5F0B0097DB63 /* Products */;
			projectDirPath = "";
			projectRoot = "";
			targets = (
				F516491127DB5F0A0097DB63 /* AwesomeGame */,
			);
		};
/* End PBXProject section */

/* Begin PBXResourcesBuildPhase section */
		F516491027DB5F0A0097DB63 /* Resources */ = {
			isa = PBXResourcesBuildPhase;
			buildActionMask = 2147483647;
			files = (
				F516492227DB5F100097DB63 /* LaunchScreen.storyboard in Resources */,
				F516491F27DB5F100097DB63 /* Assets.xcassets in Resources */,
				F516491D27DB5F0B0097DB63 /* Main.storyboard in Resources */,
			);
			runOnlyForDeploymentPostprocessing = 0;
		};
/* End PBXResourcesBuildPhase section */

/* Begin PBXSourcesBuildPhase section */
		F516490E27DB5F0A0097DB63 /* Sources */ = {
			isa = PBXSourcesBuildPhase;
			buildActionMask = 2147483647;
			files = (
				F575534E27DB7F100003C7DF /* GameViewController.swift in Sources */,
				F516492E27DB67B50097DB63 /* MainButton.swift in Sources */,
				F516491A27DB5F0B0097DB63 /* StartViewController.swift in Sources */,
				F516491627DB5F0B0097DB63 /* AppDelegate.swift in Sources */,
				F575535227DC79DA0003C7DF /* Player.swift in Sources */,
				F516491827DB5F0B0097DB63 /* SceneDelegate.swift in Sources */,
			);
			runOnlyForDeploymentPostprocessing = 0;
		};
/* End PBXSourcesBuildPhase section */

/* Begin PBXVariantGroup section */
		F516491B27DB5F0B0097DB63 /* Main.storyboard */ = {
			isa = PBXVariantGroup;
			children = (
				F516491C27DB5F0B0097DB63 /* Base */,
			);
			name = Main.storyboard;
			sourceTree = "<group>";
		};
		F516492027DB5F100097DB63 /* LaunchScreen.storyboard */ = {
			isa = PBXVariantGroup;
			children = (
				F516492127DB5F100097DB63 /* Base */,
			);
			name = LaunchScreen.storyboard;
			sourceTree = "<group>";
		};
/* End PBXVariantGroup section */

/* Begin XCBuildConfiguration section */
		F516492427DB5F100097DB63 /* Debug */ = {
			isa = XCBuildConfiguration;
			buildSettings = {
				ALWAYS_SEARCH_USER_PATHS = NO;
				CLANG_ANALYZER_NONNULL = YES;
				CLANG_ANALYZER_NUMBER_OBJECT_CONVERSION = YES_AGGRESSIVE;
				CLANG_CXX_LANGUAGE_STANDARD = "gnu++17";
				CLANG_CXX_LIBRARY = "libc++";
				CLANG_ENABLE_MODULES = YES;
				CLANG_ENABLE_OBJC_ARC = YES;
				CLANG_ENABLE_OBJC_WEAK = YES;
				CLANG_WARN_BLOCK_CAPTURE_AUTORELEASING = YES;
				CLANG_WARN_BOOL_CONVERSION = YES;
				CLANG_WARN_COMMA = YES;
				CLANG_WARN_CONSTANT_CONVERSION = YES;
				CLANG_WARN_DEPRECATED_OBJC_IMPLEMENTATIONS = YES;
				CLANG_WARN_DIRECT_OBJC_ISA_USAGE = YES_ERROR;
				CLANG_WARN_DOCUMENTATION_COMMENTS = YES;
				CLANG_WARN_EMPTY_BODY = YES;
				CLANG_WARN_ENUM_CONVERSION = YES;
				CLANG_WARN_INFINITE_RECURSION = YES;
				CLANG_WARN_INT_CONVERSION = YES;
				CLANG_WARN_NON_LITERAL_NULL_CONVERSION = YES;
				CLANG_WARN_OBJC_IMPLICIT_RETAIN_SELF = YES;
				CLANG_WARN_OBJC_LITERAL_CONVERSION = YES;
				CLANG_WARN_OBJC_ROOT_CLASS = YES_ERROR;
				CLANG_WARN_QUOTED_INCLUDE_IN_FRAMEWORK_HEADER = YES;
				CLANG_WARN_RANGE_LOOP_ANALYSIS = YES;
				CLANG_WARN_STRICT_PROTOTYPES = YES;
				CLANG_WARN_SUSPICIOUS_MOVE = YES;
				CLANG_WARN_UNGUARDED_AVAILABILITY = YES_AGGRESSIVE;
				CLANG_WARN_UNREACHABLE_CODE = YES;
				CLANG_WARN__DUPLICATE_METHOD_MATCH = YES;
				COPY_PHASE_STRIP = NO;
				DEBUG_INFORMATION_FORMAT = dwarf;
				ENABLE_STRICT_OBJC_MSGSEND = YES;
				ENABLE_TESTABILITY = YES;
				GCC_C_LANGUAGE_STANDARD = gnu11;
				GCC_DYNAMIC_NO_PIC = NO;
				GCC_NO_COMMON_BLOCKS = YES;
				GCC_OPTIMIZATION_LEVEL = 0;
				GCC_PREPROCESSOR_DEFINITIONS = (
					"DEBUG=1",
					"$(inherited)",
				);
				GCC_WARN_64_TO_32_BIT_CONVERSION = YES;
				GCC_WARN_ABOUT_RETURN_TYPE = YES_ERROR;
				GCC_WARN_UNDECLARED_SELECTOR = YES;
				GCC_WARN_UNINITIALIZED_AUTOS = YES_AGGRESSIVE;
				GCC_WARN_UNUSED_FUNCTION = YES;
				GCC_WARN_UNUSED_VARIABLE = YES;
				IPHONEOS_DEPLOYMENT_TARGET = 15.0;
				MTL_ENABLE_DEBUG_INFO = INCLUDE_SOURCE;
				MTL_FAST_MATH = YES;
				ONLY_ACTIVE_ARCH = YES;
				SDKROOT = iphoneos;
				SWIFT_ACTIVE_COMPILATION_CONDITIONS = DEBUG;
				SWIFT_OPTIMIZATION_LEVEL = "-Onone";
			};
			name = Debug;
		};
		F516492527DB5F100097DB63 /* Release */ = {
			isa = XCBuildConfiguration;
			buildSettings = {
				ALWAYS_SEARCH_USER_PATHS = NO;
				CLANG_ANALYZER_NONNULL = YES;
				CLANG_ANALYZER_NUMBER_OBJECT_CONVERSION = YES_AGGRESSIVE;
				CLANG_CXX_LANGUAGE_STANDARD = "gnu++17";
				CLANG_CXX_LIBRARY = "libc++";
				CLANG_ENABLE_MODULES = YES;
				CLANG_ENABLE_OBJC_ARC = YES;
				CLANG_ENABLE_OBJC_WEAK = YES;
				CLANG_WARN_BLOCK_CAPTURE_AUTORELEASING = YES;
				CLANG_WARN_BOOL_CONVERSION = YES;
				CLANG_WARN_COMMA = YES;
				CLANG_WARN_CONSTANT_CONVERSION = YES;
				CLANG_WARN_DEPRECATED_OBJC_IMPLEMENTATIONS = YES;
				CLANG_WARN_DIRECT_OBJC_ISA_USAGE = YES_ERROR;
				CLANG_WARN_DOCUMENTATION_COMMENTS = YES;
				CLANG_WARN_EMPTY_BODY = YES;
				CLANG_WARN_ENUM_CONVERSION = YES;
				CLANG_WARN_INFINITE_RECURSION = YES;
				CLANG_WARN_INT_CONVERSION = YES;
				CLANG_WARN_NON_LITERAL_NULL_CONVERSION = YES;
				CLANG_WARN_OBJC_IMPLICIT_RETAIN_SELF = YES;
				CLANG_WARN_OBJC_LITERAL_CONVERSION = YES;
				CLANG_WARN_OBJC_ROOT_CLASS = YES_ERROR;
				CLANG_WARN_QUOTED_INCLUDE_IN_FRAMEWORK_HEADER = YES;
				CLANG_WARN_RANGE_LOOP_ANALYSIS = YES;
				CLANG_WARN_STRICT_PROTOTYPES = YES;
				CLANG_WARN_SUSPICIOUS_MOVE = YES;
				CLANG_WARN_UNGUARDED_AVAILABILITY = YES_AGGRESSIVE;
				CLANG_WARN_UNREACHABLE_CODE = YES;
				CLANG_WARN__DUPLICATE_METHOD_MATCH = YES;
				COPY_PHASE_STRIP = NO;
				DEBUG_INFORMATION_FORMAT = "dwarf-with-dsym";
				ENABLE_NS_ASSERTIONS = NO;
				ENABLE_STRICT_OBJC_MSGSEND = YES;
				GCC_C_LANGUAGE_STANDARD = gnu11;
				GCC_NO_COMMON_BLOCKS = YES;
				GCC_WARN_64_TO_32_BIT_CONVERSION = YES;
				GCC_WARN_ABOUT_RETURN_TYPE = YES_ERROR;
				GCC_WARN_UNDECLARED_SELECTOR = YES;
				GCC_WARN_UNINITIALIZED_AUTOS = YES_AGGRESSIVE;
				GCC_WARN_UNUSED_FUNCTION = YES;
				GCC_WARN_UNUSED_VARIABLE = YES;
				IPHONEOS_DEPLOYMENT_TARGET = 15.0;
				MTL_ENABLE_DEBUG_INFO = NO;
				MTL_FAST_MATH = YES;
				SDKROOT = iphoneos;
				SWIFT_COMPILATION_MODE = wholemodule;
				SWIFT_OPTIMIZATION_LEVEL = "-O";
				VALIDATE_PRODUCT = YES;
			};
			name = Release;
		};
		F516492727DB5F100097DB63 /* Debug */ = {
			isa = XCBuildConfiguration;
			buildSettings = {
				ASSETCATALOG_COMPILER_APPICON_NAME = AppIcon;
				ASSETCATALOG_COMPILER_GLOBAL_ACCENT_COLOR_NAME = AccentColor;
				CODE_SIGN_STYLE = Automatic;
				CURRENT_PROJECT_VERSION = 1;
				DEVELOPMENT_TEAM = 3KSQQS7C6X;
				GENERATE_INFOPLIST_FILE = YES;
				INFOPLIST_FILE = AwesomeGame/App/Info.plist;
				INFOPLIST_KEY_UIApplicationSupportsIndirectInputEvents = YES;
				INFOPLIST_KEY_UILaunchStoryboardName = LaunchScreen;
				INFOPLIST_KEY_UIMainStoryboardFile = Main;
				INFOPLIST_KEY_UISupportedInterfaceOrientations_iPad = "UIInterfaceOrientationPortrait UIInterfaceOrientationPortraitUpsideDown UIInterfaceOrientationLandscapeLeft UIInterfaceOrientationLandscapeRight";
				INFOPLIST_KEY_UISupportedInterfaceOrientations_iPhone = "UIInterfaceOrientationPortrait UIInterfaceOrientationLandscapeLeft UIInterfaceOrientationLandscapeRight";
				IPHONEOS_DEPLOYMENT_TARGET = 14.0;
				LD_RUNPATH_SEARCH_PATHS = (
					"$(inherited)",
					"@executable_path/Frameworks",
				);
				MARKETING_VERSION = 1.0;
				PRODUCT_BUNDLE_IDENTIFIER = alex.AwesomeGame;
				PRODUCT_NAME = "$(TARGET_NAME)";
				SWIFT_EMIT_LOC_STRINGS = YES;
				SWIFT_VERSION = 5.0;
				TARGETED_DEVICE_FAMILY = 1;
			};
			name = Debug;
		};
		F516492827DB5F100097DB63 /* Release */ = {
			isa = XCBuildConfiguration;
			buildSettings = {
				ASSETCATALOG_COMPILER_APPICON_NAME = AppIcon;
				ASSETCATALOG_COMPILER_GLOBAL_ACCENT_COLOR_NAME = AccentColor;
				CODE_SIGN_STYLE = Automatic;
				CURRENT_PROJECT_VERSION = 1;
				DEVELOPMENT_TEAM = 3KSQQS7C6X;
				GENERATE_INFOPLIST_FILE = YES;
				INFOPLIST_FILE = AwesomeGame/App/Info.plist;
				INFOPLIST_KEY_UIApplicationSupportsIndirectInputEvents = YES;
				INFOPLIST_KEY_UILaunchStoryboardName = LaunchScreen;
				INFOPLIST_KEY_UIMainStoryboardFile = Main;
				INFOPLIST_KEY_UISupportedInterfaceOrientations_iPad = "UIInterfaceOrientationPortrait UIInterfaceOrientationPortraitUpsideDown UIInterfaceOrientationLandscapeLeft UIInterfaceOrientationLandscapeRight";
				INFOPLIST_KEY_UISupportedInterfaceOrientations_iPhone = "UIInterfaceOrientationPortrait UIInterfaceOrientationLandscapeLeft UIInterfaceOrientationLandscapeRight";
				IPHONEOS_DEPLOYMENT_TARGET = 14.0;
				LD_RUNPATH_SEARCH_PATHS = (
					"$(inherited)",
					"@executable_path/Frameworks",
				);
				MARKETING_VERSION = 1.0;
				PRODUCT_BUNDLE_IDENTIFIER = alex.AwesomeGame;
				PRODUCT_NAME = "$(TARGET_NAME)";
				SWIFT_EMIT_LOC_STRINGS = YES;
				SWIFT_VERSION = 5.0;
				TARGETED_DEVICE_FAMILY = 1;
			};
			name = Release;
		};
/* End XCBuildConfiguration section */

/* Begin XCConfigurationList section */
		F516490D27DB5F0A0097DB63 /* Build configuration list for PBXProject "AwesomeGame" */ = {
			isa = XCConfigurationList;
			buildConfigurations = (
				F516492427DB5F100097DB63 /* Debug */,
				F516492527DB5F100097DB63 /* Release */,
			);
			defaultConfigurationIsVisible = 0;
			defaultConfigurationName = Release;
		};
		F516492627DB5F100097DB63 /* Build configuration list for PBXNativeTarget "AwesomeGame" */ = {
			isa = XCConfigurationList;
			buildConfigurations = (
				F516492727DB5F100097DB63 /* Debug */,
				F516492827DB5F100097DB63 /* Release */,
			);
			defaultConfigurationIsVisible = 0;
			defaultConfigurationName = Release;
		};
/* End XCConfigurationList section */
	};
	rootObject = F516490A27DB5F0A0097DB63 /* Project object */;
}
